
Microsoft Visual Studio Solution File, Format Version 12.00
# Visual Studio Version 16
VisualStudioVersion = 16.0.32106.194
MinimumVisualStudioVersion = 10.0.40219.1
Project("{FAE04EC0-301F-11D3-BF4B-00C04F79EFBC}") = "LabClases2", "LabClases2\LabClases2.csproj", "{046EADE0-372C-4BDF-827A-AC05A805871A}"
EndProject
Project("{FAE04EC0-301F-11D3-BF4B-00C04F79EFBC}") = "Clases", "Clases\Clases.csproj", "{D678016D-CE05-4778-AF9B-3F3E2F36EB37}"
EndProject
Global
	GlobalSection(SolutionConfigurationPlatforms) = preSolution
		Debug|Any CPU = Debug|Any CPU
		Release|Any CPU = Release|Any CPU
	EndGlobalSection
	GlobalSection(ProjectConfigurationPlatforms) = postSolution
		{046EADE0-372C-4BDF-827A-AC05A805871A}.Debug|Any CPU.ActiveCfg = Debug|Any CPU
		{046EADE0-372C-4BDF-827A-AC05A805871A}.Debug|Any CPU.Build.0 = Debug|Any CPU
		{046EADE0-372C-4BDF-827A-AC05A805871A}.Release|Any CPU.ActiveCfg = Release|Any CPU
		{046EADE0-372C-4BDF-827A-AC05A805871A}.Release|Any CPU.Build.0 = Release|Any CPU
		{D678016D-CE05-4778-AF9B-3F3E2F36EB37}.Debug|Any CPU.ActiveCfg = Debug|Any CPU
		{D678016D-CE05-4778-AF9B-3F3E2F36EB37}.Debug|Any CPU.Build.0 = Debug|Any CPU
		{D678016D-CE05-4778-AF9B-3F3E2F36EB37}.Release|Any CPU.ActiveCfg = Release|Any CPU
		{D678016D-CE05-4778-AF9B-3F3E2F36EB37}.Release|Any CPU.Build.0 = Release|Any CPU
	EndGlobalSection
	GlobalSection(SolutionProperties) = preSolution
		HideSolutionNode = FALSE
	EndGlobalSection
	GlobalSection(ExtensibilityGlobals) = postSolution
		SolutionGuid = {A9899A66-9FF0-4390-9092-1B4DCE9ED990}
	EndGlobalSection
EndGlobal
