
Microsoft Visual Studio Solution File, Format Version 12.00
# Visual Studio Version 16
VisualStudioVersion = 16.0.32228.343
MinimumVisualStudioVersion = 10.0.40219.1
Project("{FAE04EC0-301F-11D3-BF4B-00C04F79EFBC}") = "LabSintaxis3", "LabSintaxis3.csproj", "{238659B6-98D3-4AB5-BC0F-91A4B81AD44C}"
EndProject
Global
	GlobalSection(SolutionConfigurationPlatforms) = preSolution
		Debug|Any CPU = Debug|Any CPU
		Release|Any CPU = Release|Any CPU
	EndGlobalSection
	GlobalSection(ProjectConfigurationPlatforms) = postSolution
		{238659B6-98D3-4AB5-BC0F-91A4B81AD44C}.Debug|Any CPU.ActiveCfg = Debug|Any CPU
		{238659B6-98D3-4AB5-BC0F-91A4B81AD44C}.Debug|Any CPU.Build.0 = Debug|Any CPU
		{238659B6-98D3-4AB5-BC0F-91A4B81AD44C}.Release|Any CPU.ActiveCfg = Release|Any CPU
		{238659B6-98D3-4AB5-BC0F-91A4B81AD44C}.Release|Any CPU.Build.0 = Release|Any CPU
	EndGlobalSection
	GlobalSection(SolutionProperties) = preSolution
		HideSolutionNode = FALSE
	EndGlobalSection
	GlobalSection(ExtensibilityGlobals) = postSolution
		SolutionGuid = {560F1319-DFCB-45A0-8D8F-BC45902FC93D}
	EndGlobalSection
EndGlobal
